// !$*UTF8*$!
{
	archiveVersion = 1;
	classes = {
	};
	objectVersion = 55;
	objects = {

/* Begin PBXBuildFile section */
		0F0B0F4175747729ECA10D6A /* Pods_Pokedex.framework in Frameworks */ = {isa = PBXBuildFile; fileRef = 5F0BE2036557B38394B85FB0 /* Pods_Pokedex.framework */; };
		6BB3072629115C7F00BEEDA8 /* PokemonListModel.swift in Sources */ = {isa = PBXBuildFile; fileRef = 6BB3072529115C7F00BEEDA8 /* PokemonListModel.swift */; };
		6BB3072829115CD000BEEDA8 /* PokemonDetailModel.swift in Sources */ = {isa = PBXBuildFile; fileRef = 6BB3072729115CD000BEEDA8 /* PokemonDetailModel.swift */; };
		6BB3072A29115CEE00BEEDA8 /* DataUrlModel.swift in Sources */ = {isa = PBXBuildFile; fileRef = 6BB3072929115CEE00BEEDA8 /* DataUrlModel.swift */; };
		6BB3072C29115DCE00BEEDA8 /* NetworkManager.swift in Sources */ = {isa = PBXBuildFile; fileRef = 6BB3072B29115DCE00BEEDA8 /* NetworkManager.swift */; };
		6BB3072E29115E8000BEEDA8 /* NetworkHelper.swift in Sources */ = {isa = PBXBuildFile; fileRef = 6BB3072D29115E8000BEEDA8 /* NetworkHelper.swift */; };
		6BB30730291163FE00BEEDA8 /* CellHelper.swift in Sources */ = {isa = PBXBuildFile; fileRef = 6BB3072F291163FE00BEEDA8 /* CellHelper.swift */; };
		6BB30733291164FB00BEEDA8 /* PokemonListCell.swift in Sources */ = {isa = PBXBuildFile; fileRef = 6BB30731291164FB00BEEDA8 /* PokemonListCell.swift */; };
		6BB30734291164FB00BEEDA8 /* PokemonListCell.xib in Resources */ = {isa = PBXBuildFile; fileRef = 6BB30732291164FB00BEEDA8 /* PokemonListCell.xib */; };
		6BDFC2F32911543300A9BA26 /* AppDelegate.swift in Sources */ = {isa = PBXBuildFile; fileRef = 6BDFC2F22911543300A9BA26 /* AppDelegate.swift */; };
		6BDFC2F52911543300A9BA26 /* SceneDelegate.swift in Sources */ = {isa = PBXBuildFile; fileRef = 6BDFC2F42911543300A9BA26 /* SceneDelegate.swift */; };
		6BDFC2F72911543300A9BA26 /* MainVC.swift in Sources */ = {isa = PBXBuildFile; fileRef = 6BDFC2F62911543300A9BA26 /* MainVC.swift */; };
		6BDFC2FA2911543300A9BA26 /* Main.storyboard in Resources */ = {isa = PBXBuildFile; fileRef = 6BDFC2F82911543300A9BA26 /* Main.storyboard */; };
		6BDFC2FD2911543300A9BA26 /* Pokedex.xcdatamodeld in Sources */ = {isa = PBXBuildFile; fileRef = 6BDFC2FB2911543300A9BA26 /* Pokedex.xcdatamodeld */; };
		6BDFC2FF2911543300A9BA26 /* Assets.xcassets in Resources */ = {isa = PBXBuildFile; fileRef = 6BDFC2FE2911543300A9BA26 /* Assets.xcassets */; };
		6BDFC3022911543300A9BA26 /* LaunchScreen.storyboard in Resources */ = {isa = PBXBuildFile; fileRef = 6BDFC3002911543300A9BA26 /* LaunchScreen.storyboard */; };
/* End PBXBuildFile section */

/* Begin PBXFileReference section */
		5F0BE2036557B38394B85FB0 /* Pods_Pokedex.framework */ = {isa = PBXFileReference; explicitFileType = wrapper.framework; includeInIndex = 0; path = Pods_Pokedex.framework; sourceTree = BUILT_PRODUCTS_DIR; };
		6BB3072529115C7F00BEEDA8 /* PokemonListModel.swift */ = {isa = PBXFileReference; lastKnownFileType = sourcecode.swift; path = PokemonListModel.swift; sourceTree = "<group>"; };
		6BB3072729115CD000BEEDA8 /* PokemonDetailModel.swift */ = {isa = PBXFileReference; lastKnownFileType = sourcecode.swift; path = PokemonDetailModel.swift; sourceTree = "<group>"; };
		6BB3072929115CEE00BEEDA8 /* DataUrlModel.swift */ = {isa = PBXFileReference; lastKnownFileType = sourcecode.swift; path = DataUrlModel.swift; sourceTree = "<group>"; };
		6BB3072B29115DCE00BEEDA8 /* NetworkManager.swift */ = {isa = PBXFileReference; lastKnownFileType = sourcecode.swift; path = NetworkManager.swift; sourceTree = "<group>"; };
		6BB3072D29115E8000BEEDA8 /* NetworkHelper.swift */ = {isa = PBXFileReference; lastKnownFileType = sourcecode.swift; path = NetworkHelper.swift; sourceTree = "<group>"; };
		6BB3072F291163FE00BEEDA8 /* CellHelper.swift */ = {isa = PBXFileReference; fileEncoding = 4; lastKnownFileType = sourcecode.swift; path = CellHelper.swift; sourceTree = "<group>"; };
		6BB30731291164FB00BEEDA8 /* PokemonListCell.swift */ = {isa = PBXFileReference; lastKnownFileType = sourcecode.swift; path = PokemonListCell.swift; sourceTree = "<group>"; };
		6BB30732291164FB00BEEDA8 /* PokemonListCell.xib */ = {isa = PBXFileReference; lastKnownFileType = file.xib; path = PokemonListCell.xib; sourceTree = "<group>"; };
		6BDFC2EF2911543300A9BA26 /* Pokedex.app */ = {isa = PBXFileReference; explicitFileType = wrapper.application; includeInIndex = 0; path = Pokedex.app; sourceTree = BUILT_PRODUCTS_DIR; };
		6BDFC2F22911543300A9BA26 /* AppDelegate.swift */ = {isa = PBXFileReference; lastKnownFileType = sourcecode.swift; path = AppDelegate.swift; sourceTree = "<group>"; };
		6BDFC2F42911543300A9BA26 /* SceneDelegate.swift */ = {isa = PBXFileReference; lastKnownFileType = sourcecode.swift; path = SceneDelegate.swift; sourceTree = "<group>"; };
		6BDFC2F62911543300A9BA26 /* MainVC.swift */ = {isa = PBXFileReference; lastKnownFileType = sourcecode.swift; path = MainVC.swift; sourceTree = "<group>"; };
		6BDFC2F92911543300A9BA26 /* Base */ = {isa = PBXFileReference; lastKnownFileType = file.storyboard; name = Base; path = Base.lproj/Main.storyboard; sourceTree = "<group>"; };
		6BDFC2FC2911543300A9BA26 /* Pokedex.xcdatamodel */ = {isa = PBXFileReference; lastKnownFileType = wrapper.xcdatamodel; path = Pokedex.xcdatamodel; sourceTree = "<group>"; };
		6BDFC2FE2911543300A9BA26 /* Assets.xcassets */ = {isa = PBXFileReference; lastKnownFileType = folder.assetcatalog; path = Assets.xcassets; sourceTree = "<group>"; };
		6BDFC3012911543300A9BA26 /* Base */ = {isa = PBXFileReference; lastKnownFileType = file.storyboard; name = Base; path = Base.lproj/LaunchScreen.storyboard; sourceTree = "<group>"; };
		6BDFC3032911543300A9BA26 /* Info.plist */ = {isa = PBXFileReference; lastKnownFileType = text.plist.xml; path = Info.plist; sourceTree = "<group>"; };
		C30CFAED042EDEDE9BDF5D24 /* Pods-Pokedex.release.xcconfig */ = {isa = PBXFileReference; includeInIndex = 1; lastKnownFileType = text.xcconfig; name = "Pods-Pokedex.release.xcconfig"; path = "Target Support Files/Pods-Pokedex/Pods-Pokedex.release.xcconfig"; sourceTree = "<group>"; };
		CFE12AC493AAFD1EE3A861E9 /* Pods-Pokedex.debug.xcconfig */ = {isa = PBXFileReference; includeInIndex = 1; lastKnownFileType = text.xcconfig; name = "Pods-Pokedex.debug.xcconfig"; path = "Target Support Files/Pods-Pokedex/Pods-Pokedex.debug.xcconfig"; sourceTree = "<group>"; };
/* End PBXFileReference section */

/* Begin PBXFrameworksBuildPhase section */
		6BDFC2EC2911543300A9BA26 /* Frameworks */ = {
			isa = PBXFrameworksBuildPhase;
			buildActionMask = 2147483647;
			files = (
				0F0B0F4175747729ECA10D6A /* Pods_Pokedex.framework in Frameworks */,
			);
			runOnlyForDeploymentPostprocessing = 0;
		};
/* End PBXFrameworksBuildPhase section */

/* Begin PBXGroup section */
		6BB3073529116A2500BEEDA8 /* Launch */ = {
			isa = PBXGroup;
			children = (
				6BDFC3002911543300A9BA26 /* LaunchScreen.storyboard */,
			);
			path = Launch;
			sourceTree = "<group>";
		};
		6BB3073629116A2F00BEEDA8 /* Home */ = {
			isa = PBXGroup;
			children = (
				6BB3073729116A4200BEEDA8 /* Model */,
				6BB3073829116A4B00BEEDA8 /* View */,
				6BB3073929116A5400BEEDA8 /* ViewModel */,
			);
			path = Home;
			sourceTree = "<group>";
		};
		6BB3073729116A4200BEEDA8 /* Model */ = {
			isa = PBXGroup;
			children = (
				6BB3072529115C7F00BEEDA8 /* PokemonListModel.swift */,
			);
			path = Model;
			sourceTree = "<group>";
		};
		6BB3073829116A4B00BEEDA8 /* View */ = {
			isa = PBXGroup;
			children = (
				6BDFC2F82911543300A9BA26 /* Main.storyboard */,
				6BDFC2F62911543300A9BA26 /* MainVC.swift */,
			);
			path = View;
			sourceTree = "<group>";
		};
		6BB3073929116A5400BEEDA8 /* ViewModel */ = {
			isa = PBXGroup;
			children = (
			);
			path = ViewModel;
			sourceTree = "<group>";
		};
		6BB3073A29116A8C00BEEDA8 /* ReusableCells */ = {
			isa = PBXGroup;
			children = (
				6BB30732291164FB00BEEDA8 /* PokemonListCell.xib */,
				6BB30731291164FB00BEEDA8 /* PokemonListCell.swift */,
			);
			path = ReusableCells;
			sourceTree = "<group>";
		};
		6BB3073B29116AB200BEEDA8 /* Detail */ = {
			isa = PBXGroup;
			children = (
			);
			path = Detail;
			sourceTree = "<group>";
		};
		6BDFC2E62911543300A9BA26 = {
			isa = PBXGroup;
			children = (
				6BDFC2F12911543300A9BA26 /* Pokedex */,
				6BDFC2F02911543300A9BA26 /* Products */,
				F5626DD9A0FAA38D854D5FE4 /* Pods */,
				EDF527C652D956A74B14AB9B /* Frameworks */,
			);
			sourceTree = "<group>";
		};
		6BDFC2F02911543300A9BA26 /* Products */ = {
			isa = PBXGroup;
			children = (
				6BDFC2EF2911543300A9BA26 /* Pokedex.app */,
			);
			name = Products;
			sourceTree = "<group>";
		};
		6BDFC2F12911543300A9BA26 /* Pokedex */ = {
			isa = PBXGroup;
			children = (
				6BDFC30F291154ED00A9BA26 /* Network */,
				6BDFC3092911547A00A9BA26 /* Models */,
				6BDFC30A2911548200A9BA26 /* Scene */,
				6BDFC30B291154C900A9BA26 /* ViewModel */,
				6BDFC30C291154D300A9BA26 /* Base */,
				6BDFC30D291154D900A9BA26 /* Helpers */,
				6BDFC30E291154E000A9BA26 /* Extensions */,
				6BDFC3112911550E00A9BA26 /* Resources */,
				6BDFC310291154FF00A9BA26 /* Utilities */,
				6BDFC2FB2911543300A9BA26 /* Pokedex.xcdatamodeld */,
			);
			path = Pokedex;
			sourceTree = "<group>";
		};
		6BDFC3092911547A00A9BA26 /* Models */ = {
			isa = PBXGroup;
			children = (
				6BB3072729115CD000BEEDA8 /* PokemonDetailModel.swift */,
				6BB3072929115CEE00BEEDA8 /* DataUrlModel.swift */,
			);
			path = Models;
			sourceTree = "<group>";
		};
		6BDFC30A2911548200A9BA26 /* Scene */ = {
			isa = PBXGroup;
			children = (
				6BB3073529116A2500BEEDA8 /* Launch */,
				6BB3073629116A2F00BEEDA8 /* Home */,
				6BB3073B29116AB200BEEDA8 /* Detail */,
				6BB3073A29116A8C00BEEDA8 /* ReusableCells */,
			);
			path = Scene;
			sourceTree = "<group>";
		};
		6BDFC30B291154C900A9BA26 /* ViewModel */ = {
			isa = PBXGroup;
			children = (
			);
			path = ViewModel;
			sourceTree = "<group>";
		};
		6BDFC30C291154D300A9BA26 /* Base */ = {
			isa = PBXGroup;
			children = (
			);
			path = Base;
			sourceTree = "<group>";
		};
		6BDFC30D291154D900A9BA26 /* Helpers */ = {
			isa = PBXGroup;
			children = (
				6BB3072F291163FE00BEEDA8 /* CellHelper.swift */,
			);
			path = Helpers;
			sourceTree = "<group>";
		};
		6BDFC30E291154E000A9BA26 /* Extensions */ = {
			isa = PBXGroup;
			children = (
			);
			path = Extensions;
			sourceTree = "<group>";
		};
		6BDFC30F291154ED00A9BA26 /* Network */ = {
			isa = PBXGroup;
			children = (
				6BB3072B29115DCE00BEEDA8 /* NetworkManager.swift */,
				6BB3072D29115E8000BEEDA8 /* NetworkHelper.swift */,
			);
			path = Network;
			sourceTree = "<group>";
		};
		6BDFC310291154FF00A9BA26 /* Utilities */ = {
			isa = PBXGroup;
			children = (
				6BDFC2F22911543300A9BA26 /* AppDelegate.swift */,
				6BDFC2F42911543300A9BA26 /* SceneDelegate.swift */,
			);
			path = Utilities;
			sourceTree = "<group>";
		};
		6BDFC3112911550E00A9BA26 /* Resources */ = {
			isa = PBXGroup;
			children = (
				6BDFC3122911555F00A9BA26 /* Assets */,
				6BDFC3032911543300A9BA26 /* Info.plist */,
			);
			path = Resources;
			sourceTree = "<group>";
		};
		6BDFC3122911555F00A9BA26 /* Assets */ = {
			isa = PBXGroup;
			children = (
				6BDFC2FE2911543300A9BA26 /* Assets.xcassets */,
			);
			path = Assets;
			sourceTree = "<group>";
		};
		EDF527C652D956A74B14AB9B /* Frameworks */ = {
			isa = PBXGroup;
			children = (
				5F0BE2036557B38394B85FB0 /* Pods_Pokedex.framework */,
			);
			name = Frameworks;
			sourceTree = "<group>";
		};
		F5626DD9A0FAA38D854D5FE4 /* Pods */ = {
			isa = PBXGroup;
			children = (
				CFE12AC493AAFD1EE3A861E9 /* Pods-Pokedex.debug.xcconfig */,
				C30CFAED042EDEDE9BDF5D24 /* Pods-Pokedex.release.xcconfig */,
			);
			path = Pods;
			sourceTree = "<group>";
		};
/* End PBXGroup section */

/* Begin PBXNativeTarget section */
		6BDFC2EE2911543300A9BA26 /* Pokedex */ = {
			isa = PBXNativeTarget;
			buildConfigurationList = 6BDFC3062911543300A9BA26 /* Build configuration list for PBXNativeTarget "Pokedex" */;
			buildPhases = (
				DF3697EF2635A868CF657221 /* [CP] Check Pods Manifest.lock */,
				6BDFC2EB2911543300A9BA26 /* Sources */,
				6BDFC2EC2911543300A9BA26 /* Frameworks */,
				6BDFC2ED2911543300A9BA26 /* Resources */,
				597D2D5C07CD3A367637E9B0 /* [CP] Embed Pods Frameworks */,
			);
			buildRules = (
			);
			dependencies = (
			);
			name = Pokedex;
			productName = Pokedex;
			productReference = 6BDFC2EF2911543300A9BA26 /* Pokedex.app */;
			productType = "com.apple.product-type.application";
		};
/* End PBXNativeTarget section */

/* Begin PBXProject section */
		6BDFC2E72911543300A9BA26 /* Project object */ = {
			isa = PBXProject;
			attributes = {
				BuildIndependentTargetsInParallel = 1;
				LastSwiftUpdateCheck = 1330;
				LastUpgradeCheck = 1330;
				TargetAttributes = {
					6BDFC2EE2911543300A9BA26 = {
						CreatedOnToolsVersion = 13.3.1;
					};
				};
			};
			buildConfigurationList = 6BDFC2EA2911543300A9BA26 /* Build configuration list for PBXProject "Pokedex" */;
			compatibilityVersion = "Xcode 13.0";
			developmentRegion = en;
			hasScannedForEncodings = 0;
			knownRegions = (
				en,
				Base,
			);
			mainGroup = 6BDFC2E62911543300A9BA26;
			productRefGroup = 6BDFC2F02911543300A9BA26 /* Products */;
			projectDirPath = "";
			projectRoot = "";
			targets = (
				6BDFC2EE2911543300A9BA26 /* Pokedex */,
			);
		};
/* End PBXProject section */

/* Begin PBXResourcesBuildPhase section */
		6BDFC2ED2911543300A9BA26 /* Resources */ = {
			isa = PBXResourcesBuildPhase;
			buildActionMask = 2147483647;
			files = (
				6BDFC3022911543300A9BA26 /* LaunchScreen.storyboard in Resources */,
				6BB30734291164FB00BEEDA8 /* PokemonListCell.xib in Resources */,
				6BDFC2FF2911543300A9BA26 /* Assets.xcassets in Resources */,
				6BDFC2FA2911543300A9BA26 /* Main.storyboard in Resources */,
			);
			runOnlyForDeploymentPostprocessing = 0;
		};
/* End PBXResourcesBuildPhase section */

/* Begin PBXShellScriptBuildPhase section */
		597D2D5C07CD3A367637E9B0 /* [CP] Embed Pods Frameworks */ = {
			isa = PBXShellScriptBuildPhase;
			buildActionMask = 2147483647;
			files = (
			);
			inputFileListPaths = (
				"${PODS_ROOT}/Target Support Files/Pods-Pokedex/Pods-Pokedex-frameworks-${CONFIGURATION}-input-files.xcfilelist",
			);
			name = "[CP] Embed Pods Frameworks";
			outputFileListPaths = (
				"${PODS_ROOT}/Target Support Files/Pods-Pokedex/Pods-Pokedex-frameworks-${CONFIGURATION}-output-files.xcfilelist",
			);
			runOnlyForDeploymentPostprocessing = 0;
			shellPath = /bin/sh;
			shellScript = "\"${PODS_ROOT}/Target Support Files/Pods-Pokedex/Pods-Pokedex-frameworks.sh\"\n";
			showEnvVarsInLog = 0;
		};
		DF3697EF2635A868CF657221 /* [CP] Check Pods Manifest.lock */ = {
			isa = PBXShellScriptBuildPhase;
			buildActionMask = 2147483647;
			files = (
			);
			inputFileListPaths = (
			);
			inputPaths = (
				"${PODS_PODFILE_DIR_PATH}/Podfile.lock",
				"${PODS_ROOT}/Manifest.lock",
			);
			name = "[CP] Check Pods Manifest.lock";
			outputFileListPaths = (
			);
			outputPaths = (
				"$(DERIVED_FILE_DIR)/Pods-Pokedex-checkManifestLockResult.txt",
			);
			runOnlyForDeploymentPostprocessing = 0;
			shellPath = /bin/sh;
			shellScript = "diff \"${PODS_PODFILE_DIR_PATH}/Podfile.lock\" \"${PODS_ROOT}/Manifest.lock\" > /dev/null\nif [ $? != 0 ] ; then\n    # print error to STDERR\n    echo \"error: The sandbox is not in sync with the Podfile.lock. Run 'pod install' or update your CocoaPods installation.\" >&2\n    exit 1\nfi\n# This output is used by Xcode 'outputs' to avoid re-running this script phase.\necho \"SUCCESS\" > \"${SCRIPT_OUTPUT_FILE_0}\"\n";
			showEnvVarsInLog = 0;
		};
/* End PBXShellScriptBuildPhase section */

/* Begin PBXSourcesBuildPhase section */
		6BDFC2EB2911543300A9BA26 /* Sources */ = {
			isa = PBXSourcesBuildPhase;
			buildActionMask = 2147483647;
			files = (
				6BDFC2FD2911543300A9BA26 /* Pokedex.xcdatamodeld in Sources */,
				6BB30730291163FE00BEEDA8 /* CellHelper.swift in Sources */,
				6BB3072E29115E8000BEEDA8 /* NetworkHelper.swift in Sources */,
				6BDFC2F72911543300A9BA26 /* MainVC.swift in Sources */,
				6BB3072829115CD000BEEDA8 /* PokemonDetailModel.swift in Sources */,
				6BDFC2F32911543300A9BA26 /* AppDelegate.swift in Sources */,
				6BB3072C29115DCE00BEEDA8 /* NetworkManager.swift in Sources */,
				6BB30733291164FB00BEEDA8 /* PokemonListCell.swift in Sources */,
				6BB3072A29115CEE00BEEDA8 /* DataUrlModel.swift in Sources */,
				6BB3072629115C7F00BEEDA8 /* PokemonListModel.swift in Sources */,
				6BDFC2F52911543300A9BA26 /* SceneDelegate.swift in Sources */,
			);
			runOnlyForDeploymentPostprocessing = 0;
		};
/* End PBXSourcesBuildPhase section */

/* Begin PBXVariantGroup section */
		6BDFC2F82911543300A9BA26 /* Main.storyboard */ = {
			isa = PBXVariantGroup;
			children = (
				6BDFC2F92911543300A9BA26 /* Base */,
			);
			name = Main.storyboard;
			sourceTree = "<group>";
		};
		6BDFC3002911543300A9BA26 /* LaunchScreen.storyboard */ = {
			isa = PBXVariantGroup;
			children = (
				6BDFC3012911543300A9BA26 /* Base */,
			);
			name = LaunchScreen.storyboard;
			sourceTree = "<group>";
		};
/* End PBXVariantGroup section */

/* Begin XCBuildConfiguration section */
		6BDFC3042911543300A9BA26 /* Debug */ = {
			isa = XCBuildConfiguration;
			buildSettings = {
				ALWAYS_SEARCH_USER_PATHS = NO;
				CLANG_ANALYZER_NONNULL = YES;
				CLANG_ANALYZER_NUMBER_OBJECT_CONVERSION = YES_AGGRESSIVE;
				CLANG_CXX_LANGUAGE_STANDARD = "gnu++17";
				CLANG_ENABLE_MODULES = YES;
				CLANG_ENABLE_OBJC_ARC = YES;
				CLANG_ENABLE_OBJC_WEAK = YES;
				CLANG_WARN_BLOCK_CAPTURE_AUTORELEASING = YES;
				CLANG_WARN_BOOL_CONVERSION = YES;
				CLANG_WARN_COMMA = YES;
				CLANG_WARN_CONSTANT_CONVERSION = YES;
				CLANG_WARN_DEPRECATED_OBJC_IMPLEMENTATIONS = YES;
				CLANG_WARN_DIRECT_OBJC_ISA_USAGE = YES_ERROR;
				CLANG_WARN_DOCUMENTATION_COMMENTS = YES;
				CLANG_WARN_EMPTY_BODY = YES;
				CLANG_WARN_ENUM_CONVERSION = YES;
				CLANG_WARN_INFINITE_RECURSION = YES;
				CLANG_WARN_INT_CONVERSION = YES;
				CLANG_WARN_NON_LITERAL_NULL_CONVERSION = YES;
				CLANG_WARN_OBJC_IMPLICIT_RETAIN_SELF = YES;
				CLANG_WARN_OBJC_LITERAL_CONVERSION = YES;
				CLANG_WARN_OBJC_ROOT_CLASS = YES_ERROR;
				CLANG_WARN_QUOTED_INCLUDE_IN_FRAMEWORK_HEADER = YES;
				CLANG_WARN_RANGE_LOOP_ANALYSIS = YES;
				CLANG_WARN_STRICT_PROTOTYPES = YES;
				CLANG_WARN_SUSPICIOUS_MOVE = YES;
				CLANG_WARN_UNGUARDED_AVAILABILITY = YES_AGGRESSIVE;
				CLANG_WARN_UNREACHABLE_CODE = YES;
				CLANG_WARN__DUPLICATE_METHOD_MATCH = YES;
				COPY_PHASE_STRIP = NO;
				DEBUG_INFORMATION_FORMAT = dwarf;
				ENABLE_STRICT_OBJC_MSGSEND = YES;
				ENABLE_TESTABILITY = YES;
				GCC_C_LANGUAGE_STANDARD = gnu11;
				GCC_DYNAMIC_NO_PIC = NO;
				GCC_NO_COMMON_BLOCKS = YES;
				GCC_OPTIMIZATION_LEVEL = 0;
				GCC_PREPROCESSOR_DEFINITIONS = (
					"DEBUG=1",
					"$(inherited)",
				);
				GCC_WARN_64_TO_32_BIT_CONVERSION = YES;
				GCC_WARN_ABOUT_RETURN_TYPE = YES_ERROR;
				GCC_WARN_UNDECLARED_SELECTOR = YES;
				GCC_WARN_UNINITIALIZED_AUTOS = YES_AGGRESSIVE;
				GCC_WARN_UNUSED_FUNCTION = YES;
				GCC_WARN_UNUSED_VARIABLE = YES;
				IPHONEOS_DEPLOYMENT_TARGET = 13.0;
				MTL_ENABLE_DEBUG_INFO = INCLUDE_SOURCE;
				MTL_FAST_MATH = YES;
				ONLY_ACTIVE_ARCH = YES;
				SDKROOT = iphoneos;
				SWIFT_ACTIVE_COMPILATION_CONDITIONS = DEBUG;
				SWIFT_OPTIMIZATION_LEVEL = "-Onone";
			};
			name = Debug;
		};
		6BDFC3052911543300A9BA26 /* Release */ = {
			isa = XCBuildConfiguration;
			buildSettings = {
				ALWAYS_SEARCH_USER_PATHS = NO;
				CLANG_ANALYZER_NONNULL = YES;
				CLANG_ANALYZER_NUMBER_OBJECT_CONVERSION = YES_AGGRESSIVE;
				CLANG_CXX_LANGUAGE_STANDARD = "gnu++17";
				CLANG_ENABLE_MODULES = YES;
				CLANG_ENABLE_OBJC_ARC = YES;
				CLANG_ENABLE_OBJC_WEAK = YES;
				CLANG_WARN_BLOCK_CAPTURE_AUTORELEASING = YES;
				CLANG_WARN_BOOL_CONVERSION = YES;
				CLANG_WARN_COMMA = YES;
				CLANG_WARN_CONSTANT_CONVERSION = YES;
				CLANG_WARN_DEPRECATED_OBJC_IMPLEMENTATIONS = YES;
				CLANG_WARN_DIRECT_OBJC_ISA_USAGE = YES_ERROR;
				CLANG_WARN_DOCUMENTATION_COMMENTS = YES;
				CLANG_WARN_EMPTY_BODY = YES;
				CLANG_WARN_ENUM_CONVERSION = YES;
				CLANG_WARN_INFINITE_RECURSION = YES;
				CLANG_WARN_INT_CONVERSION = YES;
				CLANG_WARN_NON_LITERAL_NULL_CONVERSION = YES;
				CLANG_WARN_OBJC_IMPLICIT_RETAIN_SELF = YES;
				CLANG_WARN_OBJC_LITERAL_CONVERSION = YES;
				CLANG_WARN_OBJC_ROOT_CLASS = YES_ERROR;
				CLANG_WARN_QUOTED_INCLUDE_IN_FRAMEWORK_HEADER = YES;
				CLANG_WARN_RANGE_LOOP_ANALYSIS = YES;
				CLANG_WARN_STRICT_PROTOTYPES = YES;
				CLANG_WARN_SUSPICIOUS_MOVE = YES;
				CLANG_WARN_UNGUARDED_AVAILABILITY = YES_AGGRESSIVE;
				CLANG_WARN_UNREACHABLE_CODE = YES;
				CLANG_WARN__DUPLICATE_METHOD_MATCH = YES;
				COPY_PHASE_STRIP = NO;
				DEBUG_INFORMATION_FORMAT = "dwarf-with-dsym";
				ENABLE_NS_ASSERTIONS = NO;
				ENABLE_STRICT_OBJC_MSGSEND = YES;
				GCC_C_LANGUAGE_STANDARD = gnu11;
				GCC_NO_COMMON_BLOCKS = YES;
				GCC_WARN_64_TO_32_BIT_CONVERSION = YES;
				GCC_WARN_ABOUT_RETURN_TYPE = YES_ERROR;
				GCC_WARN_UNDECLARED_SELECTOR = YES;
				GCC_WARN_UNINITIALIZED_AUTOS = YES_AGGRESSIVE;
				GCC_WARN_UNUSED_FUNCTION = YES;
				GCC_WARN_UNUSED_VARIABLE = YES;
				IPHONEOS_DEPLOYMENT_TARGET = 13.0;
				MTL_ENABLE_DEBUG_INFO = NO;
				MTL_FAST_MATH = YES;
				SDKROOT = iphoneos;
				SWIFT_COMPILATION_MODE = wholemodule;
				SWIFT_OPTIMIZATION_LEVEL = "-O";
				VALIDATE_PRODUCT = YES;
			};
			name = Release;
		};
		6BDFC3072911543300A9BA26 /* Debug */ = {
			isa = XCBuildConfiguration;
			baseConfigurationReference = CFE12AC493AAFD1EE3A861E9 /* Pods-Pokedex.debug.xcconfig */;
			buildSettings = {
				ASSETCATALOG_COMPILER_APPICON_NAME = AppIcon;
				ASSETCATALOG_COMPILER_GLOBAL_ACCENT_COLOR_NAME = AccentColor;
				CODE_SIGN_STYLE = Automatic;
				CURRENT_PROJECT_VERSION = 1;
				DEVELOPMENT_TEAM = 2B2355P26S;
				GENERATE_INFOPLIST_FILE = YES;
				INFOPLIST_FILE = Pokedex/Resources/Info.plist;
				INFOPLIST_KEY_UIApplicationSupportsIndirectInputEvents = YES;
				INFOPLIST_KEY_UILaunchStoryboardName = LaunchScreen;
				INFOPLIST_KEY_UIMainStoryboardFile = Main;
				INFOPLIST_KEY_UISupportedInterfaceOrientations_iPad = "UIInterfaceOrientationPortrait UIInterfaceOrientationPortraitUpsideDown UIInterfaceOrientationLandscapeLeft UIInterfaceOrientationLandscapeRight";
				INFOPLIST_KEY_UISupportedInterfaceOrientations_iPhone = "UIInterfaceOrientationPortrait UIInterfaceOrientationLandscapeLeft UIInterfaceOrientationLandscapeRight";
				IPHONEOS_DEPLOYMENT_TARGET = 13.0;
				LD_RUNPATH_SEARCH_PATHS = (
					"$(inherited)",
					"@executable_path/Frameworks",
				);
				MARKETING_VERSION = 1.0.0;
				PRODUCT_BUNDLE_IDENTIFIER = com.ilkaysever.pokedex.Pokedex;
				PRODUCT_NAME = "$(TARGET_NAME)";
				SWIFT_EMIT_LOC_STRINGS = YES;
				SWIFT_VERSION = 5.0;
				TARGETED_DEVICE_FAMILY = 1;
			};
			name = Debug;
		};
		6BDFC3082911543300A9BA26 /* Release */ = {
			isa = XCBuildConfiguration;
			baseConfigurationReference = C30CFAED042EDEDE9BDF5D24 /* Pods-Pokedex.release.xcconfig */;
			buildSettings = {
				ASSETCATALOG_COMPILER_APPICON_NAME = AppIcon;
				ASSETCATALOG_COMPILER_GLOBAL_ACCENT_COLOR_NAME = AccentColor;
				CODE_SIGN_STYLE = Automatic;
				CURRENT_PROJECT_VERSION = 1;
				DEVELOPMENT_TEAM = 2B2355P26S;
				GENERATE_INFOPLIST_FILE = YES;
				INFOPLIST_FILE = Pokedex/Resources/Info.plist;
				INFOPLIST_KEY_UIApplicationSupportsIndirectInputEvents = YES;
				INFOPLIST_KEY_UILaunchStoryboardName = LaunchScreen;
				INFOPLIST_KEY_UIMainStoryboardFile = Main;
				INFOPLIST_KEY_UISupportedInterfaceOrientations_iPad = "UIInterfaceOrientationPortrait UIInterfaceOrientationPortraitUpsideDown UIInterfaceOrientationLandscapeLeft UIInterfaceOrientationLandscapeRight";
				INFOPLIST_KEY_UISupportedInterfaceOrientations_iPhone = "UIInterfaceOrientationPortrait UIInterfaceOrientationLandscapeLeft UIInterfaceOrientationLandscapeRight";
				IPHONEOS_DEPLOYMENT_TARGET = 13.0;
				LD_RUNPATH_SEARCH_PATHS = (
					"$(inherited)",
					"@executable_path/Frameworks",
				);
				MARKETING_VERSION = 1.0.0;
				PRODUCT_BUNDLE_IDENTIFIER = com.ilkaysever.pokedex.Pokedex;
				PRODUCT_NAME = "$(TARGET_NAME)";
				SWIFT_EMIT_LOC_STRINGS = YES;
				SWIFT_VERSION = 5.0;
				TARGETED_DEVICE_FAMILY = 1;
			};
			name = Release;
		};
/* End XCBuildConfiguration section */

/* Begin XCConfigurationList section */
		6BDFC2EA2911543300A9BA26 /* Build configuration list for PBXProject "Pokedex" */ = {
			isa = XCConfigurationList;
			buildConfigurations = (
				6BDFC3042911543300A9BA26 /* Debug */,
				6BDFC3052911543300A9BA26 /* Release */,
			);
			defaultConfigurationIsVisible = 0;
			defaultConfigurationName = Release;
		};
		6BDFC3062911543300A9BA26 /* Build configuration list for PBXNativeTarget "Pokedex" */ = {
			isa = XCConfigurationList;
			buildConfigurations = (
				6BDFC3072911543300A9BA26 /* Debug */,
				6BDFC3082911543300A9BA26 /* Release */,
			);
			defaultConfigurationIsVisible = 0;
			defaultConfigurationName = Release;
		};
/* End XCConfigurationList section */

/* Begin XCVersionGroup section */
		6BDFC2FB2911543300A9BA26 /* Pokedex.xcdatamodeld */ = {
			isa = XCVersionGroup;
			children = (
				6BDFC2FC2911543300A9BA26 /* Pokedex.xcdatamodel */,
			);
			currentVersion = 6BDFC2FC2911543300A9BA26 /* Pokedex.xcdatamodel */;
			path = Pokedex.xcdatamodeld;
			sourceTree = "<group>";
			versionGroupType = wrapper.xcdatamodel;
		};
/* End XCVersionGroup section */
	};
	rootObject = 6BDFC2E72911543300A9BA26 /* Project object */;
}
